# Generated by scripts/lock_release_tools.py; DO NOT EDIT.
# Source policy: scripts/release-tool-lock.toml
# Artifact evidence: scripts/release-tool-artifacts.json
--require-hashes
--only-binary :all:
-r action.lock

build==1.4.4 \
    --hash=sha256:8c3f48a6090b39edec1a273d2d57949aaf13723b01e02f9d518396887519f64d
cfgv==3.4.0 \
    --hash=sha256:b7265b1f29fd3316bfcd2b330d63d024f2bfd8bcb8b0272f8e19a504856c48f9
colorama==0.4.6 \
    --hash=sha256:4f1d9991f5acc0ca119f9d443620b77f9d6b33703e51011c16baf57afb285fc6
distlib==0.4.3 \
    --hash=sha256:4b0ce306c966eb73bc3a7b6abad017c556dadd92c44701562cd528ac7fde4d5b
exceptiongroup==1.3.1; python_version < '3.11' \
    --hash=sha256:a7a39a3bd276781e98394987d3a5701d0c4edffb633bb7a5144577f82c773598
filelock==3.18.0 \
    --hash=sha256:c401f4f8377c4464e6db25fff06205fd89bdd83b65eb0488ed1b160f780e21de
identify==2.6.15 \
    --hash=sha256:1181ef7608e00704db228516541eb83a88a9f94433a8c80bb9b5bd54b1d81757
importlib-metadata==8.7.1; python_version < '3.10' \
    --hash=sha256:5a1f80bf1daa489495071efbb095d75a634cf28a8bc299581244063b53176151
iniconfig==2.1.0 \
    --hash=sha256:9deba5723312380e77435581c6bf4935c94cbfab9b1ed33ef8d238ea168eb760
nodeenv==1.10.0 \
    --hash=sha256:5bb13e3eed2923615535339b3c620e76779af4cb4c6a90deccc9e36b274d3827
platformdirs==4.4.0 \
    --hash=sha256:abd01743f24e5287cd7a5db3752faf1a2d65353f38ec26d98e25a6db65958c85
pluggy==1.6.0 \
    --hash=sha256:e920276dd6813095e9377c0bc5566d94c932c33b27a3e3945d8389c374dd4746
pre-commit==4.3.0 \
    --hash=sha256:2b0747ad7e6e967169136edffee14c16e148a778a54e4f967921aa1ebf2308d8
Pygments==2.21.0 \
    --hash=sha256:2363c69b61c4a97c838da3b130dcd6468f4848992b21a82f2a63ec34377137d9
pyproject_hooks==1.2.0 \
    --hash=sha256:9e5c6bfa8dcc30091c74b0cf803c81fdd29d94f01992a7707bc97babb1141913
pytest==8.4.2 \
    --hash=sha256:872f880de3fc3a5bdc88a11b39c9710c3497a547cfa9320bc3c5e62fbf272e79
ruff==0.16.3 \
    --hash=sha256:09571e6d1288ed9be475207a3ac04ada404f1cd898104be0f6ab8d7df438575b \
    --hash=sha256:0c5710e247a58a4521e66e124ba9a74655b414f61ba3a2e9e3811e11098f48f7 \
    --hash=sha256:294b95c4ae0cda9388525c2047778aa758d6b8d4bb876fd4e9eaa3ebc92343eb \
    --hash=sha256:2c18c5a101eb540010638cc1ff3c84944d3adb3df62b8d98ca8f22ba484d3413 \
    --hash=sha256:388cdf2166642bd9b13d52b5932d3170f34f8abed7e8d9a855f1d84b83645a0a \
    --hash=sha256:3d0c7c40c87c2a820509c31ba007968da6e1306468c067b2d82fbfdbcd0e8474 \
    --hash=sha256:8457c44f15033c85ddbb77b15d451df9e24e4bd03b628396dd3610cedc3b8f82 \
    --hash=sha256:9e0b1da805eb043654645d74d5de1e5ce2edc686e40790d2b86f56d71cc06a84 \
    --hash=sha256:9f738c0fdfa8eed0b2ce7fb27ee7258208a92a68d7949e62aa15164bc7b389da \
    --hash=sha256:a2d85c02f9b8e165d85e6779184d38c4132de12603dab59c51c28e22584f9e4d \
    --hash=sha256:a37bdea0bbe21780f590bf437d6412c8c4e1b6cd010f91a65c2c40c5e5f5f870 \
    --hash=sha256:b8ca152da82c1acc1fa8d5874b15951935f0eef46f10e6954c83859011b6178a \
    --hash=sha256:c5536e3acfbf9563085aa2be7b13c629c3077e902afc5b941ac44024dbb9f506 \
    --hash=sha256:e2ed719e14aa64d895c2ee922594a90a43c861a93f0575a95ff8c47cdbd13eb9 \
    --hash=sha256:e80a7d69ca2a6d1c4d352ec91458cdca6e56c83cdbcabd93e4abe1e53591d948 \
    --hash=sha256:fb785f0be25abe69d320415cd4f833b59e17ba7613d9ba6a958023b6bceb0a50 \
    --hash=sha256:fe155130631a2471fd2e14a7a664a4dfbd7194b8229c3d7b2a40b21178639081
virtualenv==20.35.4 \
    --hash=sha256:c21c9cede36c9753eeade68ba7d523529f228a403463376cf821eaae2b650f1b
zipp==3.23.0; python_version < '3.10' \
    --hash=sha256:071652d6115ed432f5ce1d34c336c0adfd6a884660d1e9712a256d3d3bd4b14e
